
Microsoft Visual Studio Solution File, Format Version 12.00
# Visual Studio Version 17
VisualStudioVersion = 17.13.35931.197 d17.13
MinimumVisualStudioVersion = 10.0.40219.1
Project("{FAE04EC0-301F-11D3-BF4B-00C04F79EFBC}") = "CrudExample", "CrudExample\CrudExample.csproj", "{187AFAA4-7832-4766-A503-4142EF315AE8}"
EndProject
Project("{FAE04EC0-301F-11D3-BF4B-00C04F79EFBC}") = "CrudTest", "CrudTest\CrudTest.csproj", "{FEDF4259-E81F-48DE-B6C3-10491F2744E9}"
EndProject
Project("{FAE04EC0-301F-11D3-BF4B-00C04F79EFBC}") = "Entities", "Entities\Entities.csproj", "{F2D19DFE-46C1-48FB-94D0-C61D21E738FE}"
EndProject
Project("{FAE04EC0-301F-11D3-BF4B-00C04F79EFBC}") = "Service", "Service\Service.csproj", "{335C6439-8F84-4B59-A311-4ACE26D7045C}"
EndProject
Project("{FAE04EC0-301F-11D3-BF4B-00C04F79EFBC}") = "ServiceContract", "ServiceContract\ServiceContract.csproj", "{CBF2DAA6-09E5-4159-8AC2-ECC8BEF7A78E}"
EndProject
Global
	GlobalSection(SolutionConfigurationPlatforms) = preSolution
		Debug|Any CPU = Debug|Any CPU
		Release|Any CPU = Release|Any CPU
	EndGlobalSection
	GlobalSection(ProjectConfigurationPlatforms) = postSolution
		{187AFAA4-7832-4766-A503-4142EF315AE8}.Debug|Any CPU.ActiveCfg = Debug|Any CPU
		{187AFAA4-7832-4766-A503-4142EF315AE8}.Debug|Any CPU.Build.0 = Debug|Any CPU
		{187AFAA4-7832-4766-A503-4142EF315AE8}.Release|Any CPU.ActiveCfg = Release|Any CPU
		{187AFAA4-7832-4766-A503-4142EF315AE8}.Release|Any CPU.Build.0 = Release|Any CPU
		{FEDF4259-E81F-48DE-B6C3-10491F2744E9}.Debug|Any CPU.ActiveCfg = Debug|Any CPU
		{FEDF4259-E81F-48DE-B6C3-10491F2744E9}.Debug|Any CPU.Build.0 = Debug|Any CPU
		{FEDF4259-E81F-48DE-B6C3-10491F2744E9}.Release|Any CPU.ActiveCfg = Release|Any CPU
		{FEDF4259-E81F-48DE-B6C3-10491F2744E9}.Release|Any CPU.Build.0 = Release|Any CPU
		{F2D19DFE-46C1-48FB-94D0-C61D21E738FE}.Debug|Any CPU.ActiveCfg = Debug|Any CPU
		{F2D19DFE-46C1-48FB-94D0-C61D21E738FE}.Debug|Any CPU.Build.0 = Debug|Any CPU
		{F2D19DFE-46C1-48FB-94D0-C61D21E738FE}.Release|Any CPU.ActiveCfg = Release|Any CPU
		{F2D19DFE-46C1-48FB-94D0-C61D21E738FE}.Release|Any CPU.Build.0 = Release|Any CPU
		{335C6439-8F84-4B59-A311-4ACE26D7045C}.Debug|Any CPU.ActiveCfg = Debug|Any CPU
		{335C6439-8F84-4B59-A311-4ACE26D7045C}.Debug|Any CPU.Build.0 = Debug|Any CPU
		{335C6439-8F84-4B59-A311-4ACE26D7045C}.Release|Any CPU.ActiveCfg = Release|Any CPU
		{335C6439-8F84-4B59-A311-4ACE26D7045C}.Release|Any CPU.Build.0 = Release|Any CPU
		{CBF2DAA6-09E5-4159-8AC2-ECC8BEF7A78E}.Debug|Any CPU.ActiveCfg = Debug|Any CPU
		{CBF2DAA6-09E5-4159-8AC2-ECC8BEF7A78E}.Debug|Any CPU.Build.0 = Debug|Any CPU
		{CBF2DAA6-09E5-4159-8AC2-ECC8BEF7A78E}.Release|Any CPU.ActiveCfg = Release|Any CPU
		{CBF2DAA6-09E5-4159-8AC2-ECC8BEF7A78E}.Release|Any CPU.Build.0 = Release|Any CPU
	EndGlobalSection
	GlobalSection(SolutionProperties) = preSolution
		HideSolutionNode = FALSE
	EndGlobalSection
	GlobalSection(ExtensibilityGlobals) = postSolution
		SolutionGuid = {36E11F3F-E995-48BE-BE9F-95AB57591102}
	EndGlobalSection
EndGlobal
